
Microsoft Visual Studio Solution File, Format Version 12.00
# Visual Studio Version 17
VisualStudioVersion = 17.7.34221.43
MinimumVisualStudioVersion = 10.0.40219.1
Project("{9A19103F-16F7-4668-BE54-9A1E7A4F7556}") = "ExceptionTryCatch", "ExceptionTryCatch\ExceptionTryCatch.csproj", "{005B954E-0CC7-4B70-A552-58C5D187512F}"
EndProject
Project("{FAE04EC0-301F-11D3-BF4B-00C04F79EFBC}") = "File_winform", "File_winform\File_winform.csproj", "{E7F51D71-1F65-4BEE-A349-38B112F9842D}"
EndProject
Global
	GlobalSection(SolutionConfigurationPlatforms) = preSolution
		Debug|Any CPU = Debug|Any CPU
		Release|Any CPU = Release|Any CPU
	EndGlobalSection
	GlobalSection(ProjectConfigurationPlatforms) = postSolution
		{005B954E-0CC7-4B70-A552-58C5D187512F}.Debug|Any CPU.ActiveCfg = Debug|Any CPU
		{005B954E-0CC7-4B70-A552-58C5D187512F}.Debug|Any CPU.Build.0 = Debug|Any CPU
		{005B954E-0CC7-4B70-A552-58C5D187512F}.Release|Any CPU.ActiveCfg = Release|Any CPU
		{005B954E-0CC7-4B70-A552-58C5D187512F}.Release|Any CPU.Build.0 = Release|Any CPU
		{E7F51D71-1F65-4BEE-A349-38B112F9842D}.Debug|Any CPU.ActiveCfg = Debug|Any CPU
		{E7F51D71-1F65-4BEE-A349-38B112F9842D}.Debug|Any CPU.Build.0 = Debug|Any CPU
		{E7F51D71-1F65-4BEE-A349-38B112F9842D}.Release|Any CPU.ActiveCfg = Release|Any CPU
		{E7F51D71-1F65-4BEE-A349-38B112F9842D}.Release|Any CPU.Build.0 = Release|Any CPU
	EndGlobalSection
	GlobalSection(SolutionProperties) = preSolution
		HideSolutionNode = FALSE
	EndGlobalSection
	GlobalSection(ExtensibilityGlobals) = postSolution
		SolutionGuid = {FF85E0C5-B3F0-4F97-B4FB-6C469A307108}
	EndGlobalSection
EndGlobal
