
Microsoft Visual Studio Solution File, Format Version 12.00
# Visual Studio Version 17
VisualStudioVersion = 17.4.33403.182
MinimumVisualStudioVersion = 10.0.40219.1
Project("{FAE04EC0-301F-11D3-BF4B-00C04F79EFBC}") = "Ngay03_BT02", "Ngay03_BT02\Ngay03_BT02.csproj", "{6EAF00AE-E528-4DE2-ABFE-C170074D9C15}"
EndProject
Global
	GlobalSection(SolutionConfigurationPlatforms) = preSolution
		Debug|Any CPU = Debug|Any CPU
		Release|Any CPU = Release|Any CPU
	EndGlobalSection
	GlobalSection(ProjectConfigurationPlatforms) = postSolution
		{6EAF00AE-E528-4DE2-ABFE-C170074D9C15}.Debug|Any CPU.ActiveCfg = Debug|Any CPU
		{6EAF00AE-E528-4DE2-ABFE-C170074D9C15}.Debug|Any CPU.Build.0 = Debug|Any CPU
		{6EAF00AE-E528-4DE2-ABFE-C170074D9C15}.Release|Any CPU.ActiveCfg = Release|Any CPU
		{6EAF00AE-E528-4DE2-ABFE-C170074D9C15}.Release|Any CPU.Build.0 = Release|Any CPU
	EndGlobalSection
	GlobalSection(SolutionProperties) = preSolution
		HideSolutionNode = FALSE
	EndGlobalSection
	GlobalSection(ExtensibilityGlobals) = postSolution
		SolutionGuid = {B59AD998-DF39-4868-8B7B-2F80CEA42F35}
	EndGlobalSection
EndGlobal
