
Microsoft Visual Studio Solution File, Format Version 12.00
# Visual Studio Version 17
VisualStudioVersion = 17.4.33403.182
MinimumVisualStudioVersion = 10.0.40219.1
Project("{FAE04EC0-301F-11D3-BF4B-00C04F79EFBC}") = "BT08_RefAndOut02", "BT08_RefAndOut02\BT08_RefAndOut02.csproj", "{6526199E-811C-4CD1-A9C8-ED54B0578758}"
EndProject
Global
	GlobalSection(SolutionConfigurationPlatforms) = preSolution
		Debug|Any CPU = Debug|Any CPU
		Release|Any CPU = Release|Any CPU
	EndGlobalSection
	GlobalSection(ProjectConfigurationPlatforms) = postSolution
		{6526199E-811C-4CD1-A9C8-ED54B0578758}.Debug|Any CPU.ActiveCfg = Debug|Any CPU
		{6526199E-811C-4CD1-A9C8-ED54B0578758}.Debug|Any CPU.Build.0 = Debug|Any CPU
		{6526199E-811C-4CD1-A9C8-ED54B0578758}.Release|Any CPU.ActiveCfg = Release|Any CPU
		{6526199E-811C-4CD1-A9C8-ED54B0578758}.Release|Any CPU.Build.0 = Release|Any CPU
	EndGlobalSection
	GlobalSection(SolutionProperties) = preSolution
		HideSolutionNode = FALSE
	EndGlobalSection
	GlobalSection(ExtensibilityGlobals) = postSolution
		SolutionGuid = {DB6A024E-B8CB-49B5-AEF1-0F970D7B09C4}
	EndGlobalSection
EndGlobal
