
Microsoft Visual Studio Solution File, Format Version 12.00
# Visual Studio Version 17
VisualStudioVersion = 17.8.34316.72
MinimumVisualStudioVersion = 10.0.40219.1
Project("{FAE04EC0-301F-11D3-BF4B-00C04F79EFBC}") = "d10btvn", "d10btvn\d10btvn.csproj", "{B9B52091-1119-454A-8BF5-07E987E6ABE1}"
EndProject
Global
	GlobalSection(SolutionConfigurationPlatforms) = preSolution
		Debug|Any CPU = Debug|Any CPU
		Release|Any CPU = Release|Any CPU
	EndGlobalSection
	GlobalSection(ProjectConfigurationPlatforms) = postSolution
		{B9B52091-1119-454A-8BF5-07E987E6ABE1}.Debug|Any CPU.ActiveCfg = Debug|Any CPU
		{B9B52091-1119-454A-8BF5-07E987E6ABE1}.Debug|Any CPU.Build.0 = Debug|Any CPU
		{B9B52091-1119-454A-8BF5-07E987E6ABE1}.Release|Any CPU.ActiveCfg = Release|Any CPU
		{B9B52091-1119-454A-8BF5-07E987E6ABE1}.Release|Any CPU.Build.0 = Release|Any CPU
	EndGlobalSection
	GlobalSection(SolutionProperties) = preSolution
		HideSolutionNode = FALSE
	EndGlobalSection
	GlobalSection(ExtensibilityGlobals) = postSolution
		SolutionGuid = {AF7981A5-4212-4F81-83D4-D7EF841C5C92}
	EndGlobalSection
EndGlobal
