
Microsoft Visual Studio Solution File, Format Version 12.00
# Visual Studio Version 17
VisualStudioVersion = 17.4.33403.182
MinimumVisualStudioVersion = 10.0.40219.1
Project("{FAE04EC0-301F-11D3-BF4B-00C04F79EFBC}") = "Matrix", "Matrix\Matrix.csproj", "{AC7983CA-0647-46E6-874A-46C984495057}"
EndProject
Global
	GlobalSection(SolutionConfigurationPlatforms) = preSolution
		Debug|Any CPU = Debug|Any CPU
		Release|Any CPU = Release|Any CPU
	EndGlobalSection
	GlobalSection(ProjectConfigurationPlatforms) = postSolution
		{AC7983CA-0647-46E6-874A-46C984495057}.Debug|Any CPU.ActiveCfg = Debug|Any CPU
		{AC7983CA-0647-46E6-874A-46C984495057}.Debug|Any CPU.Build.0 = Debug|Any CPU
		{AC7983CA-0647-46E6-874A-46C984495057}.Release|Any CPU.ActiveCfg = Release|Any CPU
		{AC7983CA-0647-46E6-874A-46C984495057}.Release|Any CPU.Build.0 = Release|Any CPU
	EndGlobalSection
	GlobalSection(SolutionProperties) = preSolution
		HideSolutionNode = FALSE
	EndGlobalSection
	GlobalSection(ExtensibilityGlobals) = postSolution
		SolutionGuid = {F1F2D8C1-EFD3-44C5-A05B-20270F0A7551}
	EndGlobalSection
EndGlobal
