
Microsoft Visual Studio Solution File, Format Version 12.00
# Visual Studio Version 17
VisualStudioVersion = 17.4.33403.182
MinimumVisualStudioVersion = 10.0.40219.1
Project("{FAE04EC0-301F-11D3-BF4B-00C04F79EFBC}") = "TryParse", "TryParse\TryParse.csproj", "{CE3E39B5-A977-46E5-9BD5-3A3EA297F3B4}"
EndProject
Global
	GlobalSection(SolutionConfigurationPlatforms) = preSolution
		Debug|Any CPU = Debug|Any CPU
		Release|Any CPU = Release|Any CPU
	EndGlobalSection
	GlobalSection(ProjectConfigurationPlatforms) = postSolution
		{CE3E39B5-A977-46E5-9BD5-3A3EA297F3B4}.Debug|Any CPU.ActiveCfg = Debug|Any CPU
		{CE3E39B5-A977-46E5-9BD5-3A3EA297F3B4}.Debug|Any CPU.Build.0 = Debug|Any CPU
		{CE3E39B5-A977-46E5-9BD5-3A3EA297F3B4}.Release|Any CPU.ActiveCfg = Release|Any CPU
		{CE3E39B5-A977-46E5-9BD5-3A3EA297F3B4}.Release|Any CPU.Build.0 = Release|Any CPU
	EndGlobalSection
	GlobalSection(SolutionProperties) = preSolution
		HideSolutionNode = FALSE
	EndGlobalSection
	GlobalSection(ExtensibilityGlobals) = postSolution
		SolutionGuid = {59AD0D2B-C810-43CF-9622-E13FD9511E2D}
	EndGlobalSection
EndGlobal
