
Microsoft Visual Studio Solution File, Format Version 12.00
# Visual Studio Version 17
VisualStudioVersion = 17.8.34316.72
MinimumVisualStudioVersion = 10.0.40219.1
Project("{FAE04EC0-301F-11D3-BF4B-00C04F79EFBC}") = "WinFormsApp1", "WinFormsApp1\WinFormsApp1.csproj", "{6FF857DA-FBEF-49B5-9570-B75E796A360A}"
EndProject
Global
	GlobalSection(SolutionConfigurationPlatforms) = preSolution
		Debug|Any CPU = Debug|Any CPU
		Release|Any CPU = Release|Any CPU
	EndGlobalSection
	GlobalSection(ProjectConfigurationPlatforms) = postSolution
		{6FF857DA-FBEF-49B5-9570-B75E796A360A}.Debug|Any CPU.ActiveCfg = Debug|Any CPU
		{6FF857DA-FBEF-49B5-9570-B75E796A360A}.Debug|Any CPU.Build.0 = Debug|Any CPU
		{6FF857DA-FBEF-49B5-9570-B75E796A360A}.Release|Any CPU.ActiveCfg = Release|Any CPU
		{6FF857DA-FBEF-49B5-9570-B75E796A360A}.Release|Any CPU.Build.0 = Release|Any CPU
	EndGlobalSection
	GlobalSection(SolutionProperties) = preSolution
		HideSolutionNode = FALSE
	EndGlobalSection
	GlobalSection(ExtensibilityGlobals) = postSolution
		SolutionGuid = {ECBC0659-B8BF-41BE-A7F9-0D87E6F70C2E}
	EndGlobalSection
EndGlobal
