
Microsoft Visual Studio Solution File, Format Version 12.00
# Visual Studio Version 17
VisualStudioVersion = 17.4.33403.182
MinimumVisualStudioVersion = 10.0.40219.1
Project("{FAE04EC0-301F-11D3-BF4B-00C04F79EFBC}") = "BTday03_trenlop", "BTday03_trenlop\BTday03_trenlop.csproj", "{1F36FA60-81E1-4712-903C-39A3829ACDE8}"
EndProject
Project("{FAE04EC0-301F-11D3-BF4B-00C04F79EFBC}") = "Operator", "Operator\Operator.csproj", "{758C65AC-CAE6-4D53-A3C1-C99981CFBE0B}"
EndProject
Project("{2150E333-8FDC-42A3-9474-1A3956D46DE8}") = "NewFolder1", "NewFolder1", "{0E7A760D-9A9E-41B8-9324-28A9F6F661D8}"
EndProject
Global
	GlobalSection(SolutionConfigurationPlatforms) = preSolution
		Debug|Any CPU = Debug|Any CPU
		Release|Any CPU = Release|Any CPU
	EndGlobalSection
	GlobalSection(ProjectConfigurationPlatforms) = postSolution
		{1F36FA60-81E1-4712-903C-39A3829ACDE8}.Debug|Any CPU.ActiveCfg = Debug|Any CPU
		{1F36FA60-81E1-4712-903C-39A3829ACDE8}.Debug|Any CPU.Build.0 = Debug|Any CPU
		{1F36FA60-81E1-4712-903C-39A3829ACDE8}.Release|Any CPU.ActiveCfg = Release|Any CPU
		{1F36FA60-81E1-4712-903C-39A3829ACDE8}.Release|Any CPU.Build.0 = Release|Any CPU
		{758C65AC-CAE6-4D53-A3C1-C99981CFBE0B}.Debug|Any CPU.ActiveCfg = Debug|Any CPU
		{758C65AC-CAE6-4D53-A3C1-C99981CFBE0B}.Debug|Any CPU.Build.0 = Debug|Any CPU
		{758C65AC-CAE6-4D53-A3C1-C99981CFBE0B}.Release|Any CPU.ActiveCfg = Release|Any CPU
		{758C65AC-CAE6-4D53-A3C1-C99981CFBE0B}.Release|Any CPU.Build.0 = Release|Any CPU
	EndGlobalSection
	GlobalSection(SolutionProperties) = preSolution
		HideSolutionNode = FALSE
	EndGlobalSection
	GlobalSection(ExtensibilityGlobals) = postSolution
		SolutionGuid = {095F8E57-CC1A-424A-8F52-396E8FEBA41A}
	EndGlobalSection
EndGlobal
