
Microsoft Visual Studio Solution File, Format Version 12.00
# Visual Studio Version 17
VisualStudioVersion = 17.4.33403.182
MinimumVisualStudioVersion = 10.0.40219.1
Project("{FAE04EC0-301F-11D3-BF4B-00C04F79EFBC}") = "Inhertitated", "Inhertitated\Inhertitated.csproj", "{483A8547-DE13-4623-A36B-11E869779CFE}"
EndProject
Global
	GlobalSection(SolutionConfigurationPlatforms) = preSolution
		Debug|Any CPU = Debug|Any CPU
		Release|Any CPU = Release|Any CPU
	EndGlobalSection
	GlobalSection(ProjectConfigurationPlatforms) = postSolution
		{483A8547-DE13-4623-A36B-11E869779CFE}.Debug|Any CPU.ActiveCfg = Debug|Any CPU
		{483A8547-DE13-4623-A36B-11E869779CFE}.Debug|Any CPU.Build.0 = Debug|Any CPU
		{483A8547-DE13-4623-A36B-11E869779CFE}.Release|Any CPU.ActiveCfg = Release|Any CPU
		{483A8547-DE13-4623-A36B-11E869779CFE}.Release|Any CPU.Build.0 = Release|Any CPU
	EndGlobalSection
	GlobalSection(SolutionProperties) = preSolution
		HideSolutionNode = FALSE
	EndGlobalSection
	GlobalSection(ExtensibilityGlobals) = postSolution
		SolutionGuid = {E30EED8F-8032-46B2-B580-EDE6B09318D8}
	EndGlobalSection
EndGlobal
