
Microsoft Visual Studio Solution File, Format Version 12.00
# Visual Studio Version 17
VisualStudioVersion = 17.4.33403.182
MinimumVisualStudioVersion = 10.0.40219.1
Project("{FAE04EC0-301F-11D3-BF4B-00C04F79EFBC}") = "Matrix_Winforms", "Matrix_Winforms\Matrix_Winforms.csproj", "{1F6173CD-5ABA-4E48-9BAC-065D31C902FF}"
EndProject
Project("{FAE04EC0-301F-11D3-BF4B-00C04F79EFBC}") = "Matrix_Operator", "Matrix_Operator\Matrix_Operator.csproj", "{88BDEC86-99BF-474C-90E9-82161895E12A}"
EndProject
Global
	GlobalSection(SolutionConfigurationPlatforms) = preSolution
		Debug|Any CPU = Debug|Any CPU
		Release|Any CPU = Release|Any CPU
	EndGlobalSection
	GlobalSection(ProjectConfigurationPlatforms) = postSolution
		{1F6173CD-5ABA-4E48-9BAC-065D31C902FF}.Debug|Any CPU.ActiveCfg = Debug|Any CPU
		{1F6173CD-5ABA-4E48-9BAC-065D31C902FF}.Debug|Any CPU.Build.0 = Debug|Any CPU
		{1F6173CD-5ABA-4E48-9BAC-065D31C902FF}.Release|Any CPU.ActiveCfg = Release|Any CPU
		{1F6173CD-5ABA-4E48-9BAC-065D31C902FF}.Release|Any CPU.Build.0 = Release|Any CPU
		{88BDEC86-99BF-474C-90E9-82161895E12A}.Debug|Any CPU.ActiveCfg = Debug|Any CPU
		{88BDEC86-99BF-474C-90E9-82161895E12A}.Debug|Any CPU.Build.0 = Debug|Any CPU
		{88BDEC86-99BF-474C-90E9-82161895E12A}.Release|Any CPU.ActiveCfg = Release|Any CPU
		{88BDEC86-99BF-474C-90E9-82161895E12A}.Release|Any CPU.Build.0 = Release|Any CPU
	EndGlobalSection
	GlobalSection(SolutionProperties) = preSolution
		HideSolutionNode = FALSE
	EndGlobalSection
	GlobalSection(ExtensibilityGlobals) = postSolution
		SolutionGuid = {A0BB50F5-6DF7-4237-8365-CE29277654D8}
	EndGlobalSection
EndGlobal
