
Microsoft Visual Studio Solution File, Format Version 12.00
# Visual Studio Version 17
VisualStudioVersion = 17.4.33403.182
MinimumVisualStudioVersion = 10.0.40219.1
Project("{FAE04EC0-301F-11D3-BF4B-00C04F79EFBC}") = "BT06_RefAndOut", "BT06_RefAndOut\BT06_RefAndOut.csproj", "{A0137C9F-FBC1-410B-8429-04BFE0E4E827}"
EndProject
Global
	GlobalSection(SolutionConfigurationPlatforms) = preSolution
		Debug|Any CPU = Debug|Any CPU
		Release|Any CPU = Release|Any CPU
	EndGlobalSection
	GlobalSection(ProjectConfigurationPlatforms) = postSolution
		{A0137C9F-FBC1-410B-8429-04BFE0E4E827}.Debug|Any CPU.ActiveCfg = Debug|Any CPU
		{A0137C9F-FBC1-410B-8429-04BFE0E4E827}.Debug|Any CPU.Build.0 = Debug|Any CPU
		{A0137C9F-FBC1-410B-8429-04BFE0E4E827}.Release|Any CPU.ActiveCfg = Release|Any CPU
		{A0137C9F-FBC1-410B-8429-04BFE0E4E827}.Release|Any CPU.Build.0 = Release|Any CPU
	EndGlobalSection
	GlobalSection(SolutionProperties) = preSolution
		HideSolutionNode = FALSE
	EndGlobalSection
	GlobalSection(ExtensibilityGlobals) = postSolution
		SolutionGuid = {FC25FF8E-0306-434E-946B-C6A58AFA5F26}
	EndGlobalSection
EndGlobal
