
Microsoft Visual Studio Solution File, Format Version 12.00
# Visual Studio Version 17
VisualStudioVersion = 17.4.33403.182
MinimumVisualStudioVersion = 10.0.40219.1
Project("{FAE04EC0-301F-11D3-BF4B-00C04F79EFBC}") = "BT02_Enuum02", "BT02_Enuum02\BT02_Enuum02.csproj", "{22FB3ECC-E650-4A57-A1BA-5FF23DC3CBC8}"
EndProject
Global
	GlobalSection(SolutionConfigurationPlatforms) = preSolution
		Debug|Any CPU = Debug|Any CPU
		Release|Any CPU = Release|Any CPU
	EndGlobalSection
	GlobalSection(ProjectConfigurationPlatforms) = postSolution
		{22FB3ECC-E650-4A57-A1BA-5FF23DC3CBC8}.Debug|Any CPU.ActiveCfg = Debug|Any CPU
		{22FB3ECC-E650-4A57-A1BA-5FF23DC3CBC8}.Debug|Any CPU.Build.0 = Debug|Any CPU
		{22FB3ECC-E650-4A57-A1BA-5FF23DC3CBC8}.Release|Any CPU.ActiveCfg = Release|Any CPU
		{22FB3ECC-E650-4A57-A1BA-5FF23DC3CBC8}.Release|Any CPU.Build.0 = Release|Any CPU
	EndGlobalSection
	GlobalSection(SolutionProperties) = preSolution
		HideSolutionNode = FALSE
	EndGlobalSection
	GlobalSection(ExtensibilityGlobals) = postSolution
		SolutionGuid = {C0B48E3A-D4BF-4B3F-9A18-CBD6B0510C2E}
	EndGlobalSection
EndGlobal
