
Microsoft Visual Studio Solution File, Format Version 12.00
# Visual Studio Version 17
VisualStudioVersion = 17.8.34316.72
MinimumVisualStudioVersion = 10.0.40219.1
Project("{FAE04EC0-301F-11D3-BF4B-00C04F79EFBC}") = "Day10", "Day10\Day10.csproj", "{C60E6B4A-8A0B-430C-97BA-10B8993D60FE}"
EndProject
Global
	GlobalSection(SolutionConfigurationPlatforms) = preSolution
		Debug|Any CPU = Debug|Any CPU
		Release|Any CPU = Release|Any CPU
	EndGlobalSection
	GlobalSection(ProjectConfigurationPlatforms) = postSolution
		{C60E6B4A-8A0B-430C-97BA-10B8993D60FE}.Debug|Any CPU.ActiveCfg = Debug|Any CPU
		{C60E6B4A-8A0B-430C-97BA-10B8993D60FE}.Debug|Any CPU.Build.0 = Debug|Any CPU
		{C60E6B4A-8A0B-430C-97BA-10B8993D60FE}.Release|Any CPU.ActiveCfg = Release|Any CPU
		{C60E6B4A-8A0B-430C-97BA-10B8993D60FE}.Release|Any CPU.Build.0 = Release|Any CPU
	EndGlobalSection
	GlobalSection(SolutionProperties) = preSolution
		HideSolutionNode = FALSE
	EndGlobalSection
	GlobalSection(ExtensibilityGlobals) = postSolution
		SolutionGuid = {F9EDEEC1-05CF-4812-8B0B-E2B9C118A8C8}
	EndGlobalSection
EndGlobal
